// !$*UTF8*$!
{
	archiveVersion = 1;
	classes = {
	};
	objectVersion = 46;
	objects = {

/* Begin PBXBuildFile section */
		8733DF201B4F40F8004F08BC /* main.m in Sources */ = {isa = PBXBuildFile; fileRef = 8733DF1F1B4F40F8004F08BC /* main.m */; };
		8733DF231B4F40F8004F08BC /* AppDelegate.m in Sources */ = {isa = PBXBuildFile; fileRef = 8733DF221B4F40F8004F08BC /* AppDelegate.m */; };
		8733DF261B4F40F8004F08BC /* _1______.xcdatamodeld in Sources */ = {isa = PBXBuildFile; fileRef = 8733DF241B4F40F8004F08BC /* _1______.xcdatamodeld */; };
		8733DF291B4F40F8004F08BC /* ViewController.m in Sources */ = {isa = PBXBuildFile; fileRef = 8733DF281B4F40F8004F08BC /* ViewController.m */; };
		8733DF2C1B4F40F8004F08BC /* Main.storyboard in Resources */ = {isa = PBXBuildFile; fileRef = 8733DF2A1B4F40F8004F08BC /* Main.storyboard */; };
		8733DF2E1B4F40F8004F08BC /* Images.xcassets in Resources */ = {isa = PBXBuildFile; fileRef = 8733DF2D1B4F40F8004F08BC /* Images.xcassets */; };
		8733DF311B4F40F8004F08BC /* LaunchScreen.xib in Resources */ = {isa = PBXBuildFile; fileRef = 8733DF2F1B4F40F8004F08BC /* LaunchScreen.xib */; };
		8733DF3D1B4F40F8004F08BC /* _1______Tests.m in Sources */ = {isa = PBXBuildFile; fileRef = 8733DF3C1B4F40F8004F08BC /* _1______Tests.m */; };
/* End PBXBuildFile section */

/* Begin PBXContainerItemProxy section */
		8733DF371B4F40F8004F08BC /* PBXContainerItemProxy */ = {
			isa = PBXContainerItemProxy;
			containerPortal = 8733DF121B4F40F8004F08BC /* Project object */;
			proxyType = 1;
			remoteGlobalIDString = 8733DF191B4F40F8004F08BC;
			remoteInfo = "01-加法运算器";
		};
/* End PBXContainerItemProxy section */

/* Begin PBXFileReference section */
		8733DF1A1B4F40F8004F08BC /* 01-加法运算器.app */ = {isa = PBXFileReference; explicitFileType = wrapper.application; includeInIndex = 0; path = "01-加法运算器.app"; sourceTree = BUILT_PRODUCTS_DIR; };
		8733DF1E1B4F40F8004F08BC /* Info.plist */ = {isa = PBXFileReference; lastKnownFileType = text.plist.xml; path = Info.plist; sourceTree = "<group>"; };
		8733DF1F1B4F40F8004F08BC /* main.m */ = {isa = PBXFileReference; lastKnownFileType = sourcecode.c.objc; path = main.m; sourceTree = "<group>"; };
		8733DF211B4F40F8004F08BC /* AppDelegate.h */ = {isa = PBXFileReference; lastKnownFileType = sourcecode.c.h; path = AppDelegate.h; sourceTree = "<group>"; };
		8733DF221B4F40F8004F08BC /* AppDelegate.m */ = {isa = PBXFileReference; lastKnownFileType = sourcecode.c.objc; path = AppDelegate.m; sourceTree = "<group>"; };
		8733DF251B4F40F8004F08BC /* _1______.xcdatamodel */ = {isa = PBXFileReference; lastKnownFileType = wrapper.xcdatamodel; path = "_1______.xcdatamodel"; sourceTree = "<group>"; };
		8733DF271B4F40F8004F08BC /* ViewController.h */ = {isa = PBXFileReference; lastKnownFileType = sourcecode.c.h; path = ViewController.h; sourceTree = "<group>"; };
		8733DF281B4F40F8004F08BC /* ViewController.m */ = {isa = PBXFileReference; lastKnownFileType = sourcecode.c.objc; path = ViewController.m; sourceTree = "<group>"; };
		8733DF2B1B4F40F8004F08BC /* Base */ = {isa = PBXFileReference; lastKnownFileType = file.storyboard; name = Base; path = Base.lproj/Main.storyboard; sourceTree = "<group>"; };
		8733DF2D1B4F40F8004F08BC /* Images.xcassets */ = {isa = PBXFileReference; lastKnownFileType = folder.assetcatalog; path = Images.xcassets; sourceTree = "<group>"; };
		8733DF301B4F40F8004F08BC /* Base */ = {isa = PBXFileReference; lastKnownFileType = file.xib; name = Base; path = Base.lproj/LaunchScreen.xib; sourceTree = "<group>"; };
		8733DF361B4F40F8004F08BC /* 01-加法运算器Tests.xctest */ = {isa = PBXFileReference; explicitFileType = wrapper.cfbundle; includeInIndex = 0; path = "01-加法运算器Tests.xctest"; sourceTree = BUILT_PRODUCTS_DIR; };
		8733DF3B1B4F40F8004F08BC /* Info.plist */ = {isa = PBXFileReference; lastKnownFileType = text.plist.xml; path = Info.plist; sourceTree = "<group>"; };
		8733DF3C1B4F40F8004F08BC /* _1______Tests.m */ = {isa = PBXFileReference; lastKnownFileType = sourcecode.c.objc; path = "_1______Tests.m"; sourceTree = "<group>"; };
/* End PBXFileReference section */

/* Begin PBXFrameworksBuildPhase section */
		8733DF171B4F40F8004F08BC /* Frameworks */ = {
			isa = PBXFrameworksBuildPhase;
			buildActionMask = 2147483647;
			files = (
			);
			runOnlyForDeploymentPostprocessing = 0;
		};
		8733DF331B4F40F8004F08BC /* Frameworks */ = {
			isa = PBXFrameworksBuildPhase;
			buildActionMask = 2147483647;
			files = (
			);
			runOnlyForDeploymentPostprocessing = 0;
		};
/* End PBXFrameworksBuildPhase section */

/* Begin PBXGroup section */
		8733DF111B4F40F8004F08BC = {
			isa = PBXGroup;
			children = (
				8733DF1C1B4F40F8004F08BC /* 01-加法运算器 */,
				8733DF391B4F40F8004F08BC /* 01-加法运算器Tests */,
				8733DF1B1B4F40F8004F08BC /* Products */,
			);
			sourceTree = "<group>";
		};
		8733DF1B1B4F40F8004F08BC /* Products */ = {
			isa = PBXGroup;
			children = (
				8733DF1A1B4F40F8004F08BC /* 01-加法运算器.app */,
				8733DF361B4F40F8004F08BC /* 01-加法运算器Tests.xctest */,
			);
			name = Products;
			sourceTree = "<group>";
		};
		8733DF1C1B4F40F8004F08BC /* 01-加法运算器 */ = {
			isa = PBXGroup;
			children = (
				8733DF211B4F40F8004F08BC /* AppDelegate.h */,
				8733DF221B4F40F8004F08BC /* AppDelegate.m */,
				8733DF271B4F40F8004F08BC /* ViewController.h */,
				8733DF281B4F40F8004F08BC /* ViewController.m */,
				8733DF2A1B4F40F8004F08BC /* Main.storyboard */,
				8733DF2D1B4F40F8004F08BC /* Images.xcassets */,
				8733DF2F1B4F40F8004F08BC /* LaunchScreen.xib */,
				8733DF241B4F40F8004F08BC /* _1______.xcdatamodeld */,
				8733DF1D1B4F40F8004F08BC /* Supporting Files */,
			);
			path = "01-加法运算器";
			sourceTree = "<group>";
		};
		8733DF1D1B4F40F8004F08BC /* Supporting Files */ = {
			isa = PBXGroup;
			children = (
				8733DF1E1B4F40F8004F08BC /* Info.plist */,
				8733DF1F1B4F40F8004F08BC /* main.m */,
			);
			name = "Supporting Files";
			sourceTree = "<group>";
		};
		8733DF391B4F40F8004F08BC /* 01-加法运算器Tests */ = {
			isa = PBXGroup;
			children = (
				8733DF3C1B4F40F8004F08BC /* _1______Tests.m */,
				8733DF3A1B4F40F8004F08BC /* Supporting Files */,
			);
			path = "01-加法运算器Tests";
			sourceTree = "<group>";
		};
		8733DF3A1B4F40F8004F08BC /* Supporting Files */ = {
			isa = PBXGroup;
			children = (
				8733DF3B1B4F40F8004F08BC /* Info.plist */,
			);
			name = "Supporting Files";
			sourceTree = "<group>";
		};
/* End PBXGroup section */

/* Begin PBXNativeTarget section */
		8733DF191B4F40F8004F08BC /* 01-加法运算器 */ = {
			isa = PBXNativeTarget;
			buildConfigurationList = 8733DF401B4F40F8004F08BC /* Build configuration list for PBXNativeTarget "01-加法运算器" */;
			buildPhases = (
				8733DF161B4F40F8004F08BC /* Sources */,
				8733DF171B4F40F8004F08BC /* Frameworks */,
				8733DF181B4F40F8004F08BC /* Resources */,
			);
			buildRules = (
			);
			dependencies = (
			);
			name = "01-加法运算器";
			productName = "01-加法运算器";
			productReference = 8733DF1A1B4F40F8004F08BC /* 01-加法运算器.app */;
			productType = "com.apple.product-type.application";
		};
		8733DF351B4F40F8004F08BC /* 01-加法运算器Tests */ = {
			isa = PBXNativeTarget;
			buildConfigurationList = 8733DF431B4F40F8004F08BC /* Build configuration list for PBXNativeTarget "01-加法运算器Tests" */;
			buildPhases = (
				8733DF321B4F40F8004F08BC /* Sources */,
				8733DF331B4F40F8004F08BC /* Frameworks */,
				8733DF341B4F40F8004F08BC /* Resources */,
			);
			buildRules = (
			);
			dependencies = (
				8733DF381B4F40F8004F08BC /* PBXTargetDependency */,
			);
			name = "01-加法运算器Tests";
			productName = "01-加法运算器Tests";
			productReference = 8733DF361B4F40F8004F08BC /* 01-加法运算器Tests.xctest */;
			productType = "com.apple.product-type.bundle.unit-test";
		};
/* End PBXNativeTarget section */

/* Begin PBXProject section */
		8733DF121B4F40F8004F08BC /* Project object */ = {
			isa = PBXProject;
			attributes = {
				LastUpgradeCheck = 0630;
				ORGANIZATIONNAME = sjyin;
				TargetAttributes = {
					8733DF191B4F40F8004F08BC = {
						CreatedOnToolsVersion = 6.3.2;
					};
					8733DF351B4F40F8004F08BC = {
						CreatedOnToolsVersion = 6.3.2;
						TestTargetID = 8733DF191B4F40F8004F08BC;
					};
				};
			};
			buildConfigurationList = 8733DF151B4F40F8004F08BC /* Build configuration list for PBXProject "01-加法运算器" */;
			compatibilityVersion = "Xcode 3.2";
			developmentRegion = English;
			hasScannedForEncodings = 0;
			knownRegions = (
				en,
				Base,
			);
			mainGroup = 8733DF111B4F40F8004F08BC;
			productRefGroup = 8733DF1B1B4F40F8004F08BC /* Products */;
			projectDirPath = "";
			projectRoot = "";
			targets = (
				8733DF191B4F40F8004F08BC /* 01-加法运算器 */,
				8733DF351B4F40F8004F08BC /* 01-加法运算器Tests */,
			);
		};
/* End PBXProject section */

/* Begin PBXResourcesBuildPhase section */
		8733DF181B4F40F8004F08BC /* Resources */ = {
			isa = PBXResourcesBuildPhase;
			buildActionMask = 2147483647;
			files = (
				8733DF2C1B4F40F8004F08BC /* Main.storyboard in Resources */,
				8733DF311B4F40F8004F08BC /* LaunchScreen.xib in Resources */,
				8733DF2E1B4F40F8004F08BC /* Images.xcassets in Resources */,
			);
			runOnlyForDeploymentPostprocessing = 0;
		};
		8733DF341B4F40F8004F08BC /* Resources */ = {
			isa = PBXResourcesBuildPhase;
			buildActionMask = 2147483647;
			files = (
			);
			runOnlyForDeploymentPostprocessing = 0;
		};
/* End PBXResourcesBuildPhase section */

/* Begin PBXSourcesBuildPhase section */
		8733DF161B4F40F8004F08BC /* Sources */ = {
			isa = PBXSourcesBuildPhase;
			buildActionMask = 2147483647;
			files = (
				8733DF231B4F40F8004F08BC /* AppDelegate.m in Sources */,
				8733DF261B4F40F8004F08BC /* _1______.xcdatamodeld in Sources */,
				8733DF291B4F40F8004F08BC /* ViewController.m in Sources */,
				8733DF201B4F40F8004F08BC /* main.m in Sources */,
			);
			runOnlyForDeploymentPostprocessing = 0;
		};
		8733DF321B4F40F8004F08BC /* Sources */ = {
			isa = PBXSourcesBuildPhase;
			buildActionMask = 2147483647;
			files = (
				8733DF3D1B4F40F8004F08BC /* _1______Tests.m in Sources */,
			);
			runOnlyForDeploymentPostprocessing = 0;
		};
/* End PBXSourcesBuildPhase section */

/* Begin PBXTargetDependency section */
		8733DF381B4F40F8004F08BC /* PBXTargetDependency */ = {
			isa = PBXTargetDependency;
			target = 8733DF191B4F40F8004F08BC /* 01-加法运算器 */;
			targetProxy = 8733DF371B4F40F8004F08BC /* PBXContainerItemProxy */;
		};
/* End PBXTargetDependency section */

/* Begin PBXVariantGroup section */
		8733DF2A1B4F40F8004F08BC /* Main.storyboard */ = {
			isa = PBXVariantGroup;
			children = (
				8733DF2B1B4F40F8004F08BC /* Base */,
			);
			name = Main.storyboard;
			sourceTree = "<group>";
		};
		8733DF2F1B4F40F8004F08BC /* LaunchScreen.xib */ = {
			isa = PBXVariantGroup;
			children = (
				8733DF301B4F40F8004F08BC /* Base */,
			);
			name = LaunchScreen.xib;
			sourceTree = "<group>";
		};
/* End PBXVariantGroup section */

/* Begin XCBuildConfiguration section */
		8733DF3E1B4F40F8004F08BC /* Debug */ = {
			isa = XCBuildConfiguration;
			buildSettings = {
				ALWAYS_SEARCH_USER_PATHS = NO;
				CLANG_CXX_LANGUAGE_STANDARD = "gnu++0x";
				CLANG_CXX_LIBRARY = "libc++";
				CLANG_ENABLE_MODULES = YES;
				CLANG_ENABLE_OBJC_ARC = YES;
				CLANG_WARN_BOOL_CONVERSION = YES;
				CLANG_WARN_CONSTANT_CONVERSION = YES;
				CLANG_WARN_DIRECT_OBJC_ISA_USAGE = YES_ERROR;
				CLANG_WARN_EMPTY_BODY = YES;
				CLANG_WARN_ENUM_CONVERSION = YES;
				CLANG_WARN_INT_CONVERSION = YES;
				CLANG_WARN_OBJC_ROOT_CLASS = YES_ERROR;
				CLANG_WARN_UNREACHABLE_CODE = YES;
				CLANG_WARN__DUPLICATE_METHOD_MATCH = YES;
				"CODE_SIGN_IDENTITY[sdk=iphoneos*]" = "iPhone Developer";
				COPY_PHASE_STRIP = NO;
				DEBUG_INFORMATION_FORMAT = "dwarf-with-dsym";
				ENABLE_STRICT_OBJC_MSGSEND = YES;
				GCC_C_LANGUAGE_STANDARD = gnu99;
				GCC_DYNAMIC_NO_PIC = NO;
				GCC_NO_COMMON_BLOCKS = YES;
				GCC_OPTIMIZATION_LEVEL = 0;
				GCC_PREPROCESSOR_DEFINITIONS = (
					"DEBUG=1",
					"$(inherited)",
				);
				GCC_SYMBOLS_PRIVATE_EXTERN = NO;
				GCC_WARN_64_TO_32_BIT_CONVERSION = YES;
				GCC_WARN_ABOUT_RETURN_TYPE = YES_ERROR;
				GCC_WARN_UNDECLARED_SELECTOR = YES;
				GCC_WARN_UNINITIALIZED_AUTOS = YES_AGGRESSIVE;
				GCC_WARN_UNUSED_FUNCTION = YES;
				GCC_WARN_UNUSED_VARIABLE = YES;
				IPHONEOS_DEPLOYMENT_TARGET = 8.3;
				MTL_ENABLE_DEBUG_INFO = YES;
				ONLY_ACTIVE_ARCH = YES;
				SDKROOT = iphoneos;
			};
			name = Debug;
		};
		8733DF3F1B4F40F8004F08BC /* Release */ = {
			isa = XCBuildConfiguration;
			buildSettings = {
				ALWAYS_SEARCH_USER_PATHS = NO;
				CLANG_CXX_LANGUAGE_STANDARD = "gnu++0x";
				CLANG_CXX_LIBRARY = "libc++";
				CLANG_ENABLE_MODULES = YES;
				CLANG_ENABLE_OBJC_ARC = YES;
				CLANG_WARN_BOOL_CONVERSION = YES;
				CLANG_WARN_CONSTANT_CONVERSION = YES;
				CLANG_WARN_DIRECT_OBJC_ISA_USAGE = YES_ERROR;
				CLANG_WARN_EMPTY_BODY = YES;
				CLANG_WARN_ENUM_CONVERSION = YES;
				CLANG_WARN_INT_CONVERSION = YES;
				CLANG_WARN_OBJC_ROOT_CLASS = YES_ERROR;
				CLANG_WARN_UNREACHABLE_CODE = YES;
				CLANG_WARN__DUPLICATE_METHOD_MATCH = YES;
				"CODE_SIGN_IDENTITY[sdk=iphoneos*]" = "iPhone Developer";
				COPY_PHASE_STRIP = NO;
				DEBUG_INFORMATION_FORMAT = "dwarf-with-dsym";
				ENABLE_NS_ASSERTIONS = NO;
				ENABLE_STRICT_OBJC_MSGSEND = YES;
				GCC_C_LANGUAGE_STANDARD = gnu99;
				GCC_NO_COMMON_BLOCKS = YES;
				GCC_WARN_64_TO_32_BIT_CONVERSION = YES;
				GCC_WARN_ABOUT_RETURN_TYPE = YES_ERROR;
				GCC_WARN_UNDECLARED_SELECTOR = YES;
				GCC_WARN_UNINITIALIZED_AUTOS = YES_AGGRESSIVE;
				GCC_WARN_UNUSED_FUNCTION = YES;
				GCC_WARN_UNUSED_VARIABLE = YES;
				IPHONEOS_DEPLOYMENT_TARGET = 8.3;
				MTL_ENABLE_DEBUG_INFO = NO;
				SDKROOT = iphoneos;
				VALIDATE_PRODUCT = YES;
			};
			name = Release;
		};
		8733DF411B4F40F8004F08BC /* Debug */ = {
			isa = XCBuildConfiguration;
			buildSettings = {
				ASSETCATALOG_COMPILER_APPICON_NAME = AppIcon;
				INFOPLIST_FILE = "01-加法运算器/Info.plist";
				LD_RUNPATH_SEARCH_PATHS = "$(inherited) @executable_path/Frameworks";
				PRODUCT_NAME = "$(TARGET_NAME)";
			};
			name = Debug;
		};
		8733DF421B4F40F8004F08BC /* Release */ = {
			isa = XCBuildConfiguration;
			buildSettings = {
				ASSETCATALOG_COMPILER_APPICON_NAME = AppIcon;
				INFOPLIST_FILE = "01-加法运算器/Info.plist";
				LD_RUNPATH_SEARCH_PATHS = "$(inherited) @executable_path/Frameworks";
				PRODUCT_NAME = "$(TARGET_NAME)";
			};
			name = Release;
		};
		8733DF441B4F40F8004F08BC /* Debug */ = {
			isa = XCBuildConfiguration;
			buildSettings = {
				BUNDLE_LOADER = "$(TEST_HOST)";
				FRAMEWORK_SEARCH_PATHS = (
					"$(SDKROOT)/Developer/Library/Frameworks",
					"$(inherited)",
				);
				GCC_PREPROCESSOR_DEFINITIONS = (
					"DEBUG=1",
					"$(inherited)",
				);
				INFOPLIST_FILE = "01-加法运算器Tests/Info.plist";
				LD_RUNPATH_SEARCH_PATHS = "$(inherited) @executable_path/Frameworks @loader_path/Frameworks";
				PRODUCT_NAME = "$(TARGET_NAME)";
				TEST_HOST = "$(BUILT_PRODUCTS_DIR)/01-加法运算器.app/01-加法运算器";
			};
			name = Debug;
		};
		8733DF451B4F40F8004F08BC /* Release */ = {
			isa = XCBuildConfiguration;
			buildSettings = {
				BUNDLE_LOADER = "$(TEST_HOST)";
				FRAMEWORK_SEARCH_PATHS = (
					"$(SDKROOT)/Developer/Library/Frameworks",
					"$(inherited)",
				);
				INFOPLIST_FILE = "01-加法运算器Tests/Info.plist";
				LD_RUNPATH_SEARCH_PATHS = "$(inherited) @executable_path/Frameworks @loader_path/Frameworks";
				PRODUCT_NAME = "$(TARGET_NAME)";
				TEST_HOST = "$(BUILT_PRODUCTS_DIR)/01-加法运算器.app/01-加法运算器";
			};
			name = Release;
		};
/* End XCBuildConfiguration section */

/* Begin XCConfigurationList section */
		8733DF151B4F40F8004F08BC /* Build configuration list for PBXProject "01-加法运算器" */ = {
			isa = XCConfigurationList;
			buildConfigurations = (
				8733DF3E1B4F40F8004F08BC /* Debug */,
				8733DF3F1B4F40F8004F08BC /* Release */,
			);
			defaultConfigurationIsVisible = 0;
			defaultConfigurationName = Release;
		};
		8733DF401B4F40F8004F08BC /* Build configuration list for PBXNativeTarget "01-加法运算器" */ = {
			isa = XCConfigurationList;
			buildConfigurations = (
				8733DF411B4F40F8004F08BC /* Debug */,
				8733DF421B4F40F8004F08BC /* Release */,
			);
			defaultConfigurationIsVisible = 0;
		};
		8733DF431B4F40F8004F08BC /* Build configuration list for PBXNativeTarget "01-加法运算器Tests" */ = {
			isa = XCConfigurationList;
			buildConfigurations = (
				8733DF441B4F40F8004F08BC /* Debug */,
				8733DF451B4F40F8004F08BC /* Release */,
			);
			defaultConfigurationIsVisible = 0;
		};
/* End XCConfigurationList section */

/* Begin XCVersionGroup section */
		8733DF241B4F40F8004F08BC /* _1______.xcdatamodeld */ = {
			isa = XCVersionGroup;
			children = (
				8733DF251B4F40F8004F08BC /* _1______.xcdatamodel */,
			);
			currentVersion = 8733DF251B4F40F8004F08BC /* _1______.xcdatamodel */;
			path = "_1______.xcdatamodeld";
			sourceTree = "<group>";
			versionGroupType = wrapper.xcdatamodel;
		};
/* End XCVersionGroup section */
	};
	rootObject = 8733DF121B4F40F8004F08BC /* Project object */;
}
